
Microsoft Visual Studio Solution File, Format Version 12.00
# Visual Studio Version 17
VisualStudioVersion = 17.7.34009.444
MinimumVisualStudioVersion = 10.0.40219.1
Project("{FAE04EC0-301F-11D3-BF4B-00C04F79EFBC}") = "AndroidApp1", "AndroidApp1\AndroidApp1.csproj", "{E6EAC1E8-9BB7-407C-928D-936CE95708D0}"
EndProject
Global
	GlobalSection(SolutionConfigurationPlatforms) = preSolution
		Debug|Any CPU = Debug|Any CPU
		Release|Any CPU = Release|Any CPU
	EndGlobalSection
	GlobalSection(ProjectConfigurationPlatforms) = postSolution
		{E6EAC1E8-9BB7-407C-928D-936CE95708D0}.Debug|Any CPU.ActiveCfg = Debug|Any CPU
		{E6EAC1E8-9BB7-407C-928D-936CE95708D0}.Debug|Any CPU.Build.0 = Debug|Any CPU
		{E6EAC1E8-9BB7-407C-928D-936CE95708D0}.Debug|Any CPU.Deploy.0 = Debug|Any CPU
		{E6EAC1E8-9BB7-407C-928D-936CE95708D0}.Release|Any CPU.ActiveCfg = Release|Any CPU
		{E6EAC1E8-9BB7-407C-928D-936CE95708D0}.Release|Any CPU.Build.0 = Release|Any CPU
		{E6EAC1E8-9BB7-407C-928D-936CE95708D0}.Release|Any CPU.Deploy.0 = Release|Any CPU
	EndGlobalSection
	GlobalSection(SolutionProperties) = preSolution
		HideSolutionNode = FALSE
	EndGlobalSection
	GlobalSection(ExtensibilityGlobals) = postSolution
		SolutionGuid = {DE98A6C4-69FC-4AC8-B035-5EAAE459ED23}
	EndGlobalSection
EndGlobal
